
Microsoft Visual Studio Solution File, Format Version 12.00
# Visual Studio Version 16
VisualStudioVersion = 16.0.28822.285
MinimumVisualStudioVersion = 10.0.40219.1
Project("{FAE04EC0-301F-11D3-BF4B-00C04F79EFBC}") = "MATE_DISCRETAS", "MATE_DISCRETAS\MATE_DISCRETAS.csproj", "{AC3CF559-205A-42BC-8088-D0E56772B13A}"
EndProject
Global
	GlobalSection(SolutionConfigurationPlatforms) = preSolution
		Debug|Any CPU = Debug|Any CPU
		Release|Any CPU = Release|Any CPU
	EndGlobalSection
	GlobalSection(ProjectConfigurationPlatforms) = postSolution
		{AC3CF559-205A-42BC-8088-D0E56772B13A}.Debug|Any CPU.ActiveCfg = Debug|Any CPU
		{AC3CF559-205A-42BC-8088-D0E56772B13A}.Debug|Any CPU.Build.0 = Debug|Any CPU
		{AC3CF559-205A-42BC-8088-D0E56772B13A}.Release|Any CPU.ActiveCfg = Release|Any CPU
		{AC3CF559-205A-42BC-8088-D0E56772B13A}.Release|Any CPU.Build.0 = Release|Any CPU
	EndGlobalSection
	GlobalSection(SolutionProperties) = preSolution
		HideSolutionNode = FALSE
	EndGlobalSection
	GlobalSection(ExtensibilityGlobals) = postSolution
		SolutionGuid = {94D929D0-0461-41D1-828D-CE210B5FD53E}
	EndGlobalSection
EndGlobal
